{
    "_meta": {
        "hash": {
            "sha256": "f6f0d54811b5605d62e2c9ff2dac241c553f1440d758bf790d2df5d2a8c69351"
        },
        "pipfile-spec": 6,
        "requires": {},
        "sources": [
            {
                "name": "pypi",
                "url": "https://pypi.org/simple",
                "verify_ssl": true
            }
        ]
    },
    "default": {
        "cramjam": {
            "hashes": [
                "sha256:001fc2572adc655406fb899087f57a740e58a800b05acdccac8bf5759b617d90",
                "sha256:04f54bea9ce39c440d1ac6901fe4d647f9218dd5cd8fe903c6fe9c42bf5e1f3b",
                "sha256:05793857773ec62101edf2c0d22d8edc955707727124f637d2f6cc138e5f97aa",
                "sha256:06ad4a8b368d30ded1d932d9eed647962fbe44923269185a6bbd5e0d11cc39ab",
                "sha256:0acb17e3681138b48300b27d3409742c81d5734ec39c650a60a764c135197840",
                "sha256:0d27fe3e316f9ae7fe1367b6daf0ffc993c1c66edae588165ac0f41f91a5a6b1",
                "sha256:112638a4cdf806509d2d2661cb519d239d731bd5fd2e95f211c48ac0f0deeab5",
                "sha256:11c5ef0c70d6bdd8e1d8afed8b0430709b22decc3865eb6c0656aa00117a7b3d",
                "sha256:17dda15edf256362edb30dcb1d5ecdcd727d946c6be0d1b130e736f3f49487dc",
                "sha256:1a200b74220dcd80c2bb99e3bfe1cdb1e4ed0f5c071959f4316abd65f9ef1e39",
                "sha256:1c071765bdd5eefa3b2157a61e84d72e161b63f95eb702a0133fee293800a619",
                "sha256:1e826469cfbb6dcd5b967591e52855073267835229674cfa3d327088805855da",
                "sha256:22a7ab05c62b0a71fcd6db4274af1508c5ea039a43fb143ac50a62f86e6f32f7",
                "sha256:2464bdf0e2432e0f07a834f48c16022cd7f4648ed18badf52c32c13d6722518c",
                "sha256:260732e3b5c56d6182586f3a7fc5e3f3641b27bfbad5883e8d8e292af85a6870",
                "sha256:26c44f17938cf00a339899ce6ea7ba12af7b1210d707a80a7f14724fba39869b",
                "sha256:27b2625c0840b9a5522eba30b165940084391762492e03b9d640fca5074016ae",
                "sha256:28a13c0317e71121b2059ffa8beefa2b185be241c52f740f6eb261f0067186db",
                "sha256:2c1eb6e6c3d5c1cc3f7c7f8a52e034340a3c454641f019687fa94077c05da5c2",
                "sha256:2c24907c972aca7b56c8326307e15d78f56199852dda1e67e4e54c2672afede4",
                "sha256:2c7008bb54bdc5d130c0e8581925dfcbdc6f0a4d2051de7a153bfced9a31910f",
                "sha256:2e419b65538786fc1f0cf776612262d4bf6c9449983d3fc0d0acfd86594fe551",
                "sha256:337ceb50bde7708b2a4068f3000625c23ceb1b2497edce2e21fd08ef58549170",
                "sha256:3484f1595eef64cefed05804d7ec8a88695f89086c49b086634e44c16f3d4769",
                "sha256:3596b6ceaf85f872c1e56295c6ec80bb15fdd71e7ed9e0e5c3e654563dcc40a2",
                "sha256:35bcecff38648908a4833928a892a1e7a32611171785bef27015107426bc1d9d",
                "sha256:38fba4594dd0e2b7423ef403039e63774086ebb0696d9060db20093f18a2f43e",
                "sha256:3a94fe7024137ed8bf200308000d106874afe52ff203f852f43b3547eddfa10e",
                "sha256:3e0b70fe7796b63b87cb7ebfaad0ebaca7574fdf177311952f74b8bda6522fb8",
                "sha256:42dcd7c83104edae70004a8dc494e4e57de4940e3019e5d2cbec2830d5908a85",
                "sha256:44c15f6117031a84497433b5f55d30ee72d438fdcba9778fec0c5ca5d416aa96",
                "sha256:44c2660ee7c4c269646955e4e40c2693f803fbad12398bb31b2ad00cfc6027b8",
                "sha256:4b201aacc7a06079b063cfbcf5efe78b1e65c7279b2828d06ffaa90a8316579d",
                "sha256:4b3e0067ae3513e4cbd0efbabbe5a2bcfa2c2d4bddc67188eeb0751b9a02fdb7",
                "sha256:4ba90f7b8f986934f33aad8cc029cf7c74842d3ecd5eda71f7531330d38a8dc4",
                "sha256:4c7bab3703babb93c9dd4444ac9797d01ec46cf521e247d3319bfb292414d053",
                "sha256:5018c7414047f640b126df02e9286a8da7cc620798cea2b39bac79731c2ee336",
                "sha256:50b59e981f219d6840ac43cda8e885aff1457944ddbabaa16ac047690bfd6ad1",
                "sha256:51eb00c72d4a93e4a2ddcc751ba2a7a1318026247e80742866912ec82b39e5ce",
                "sha256:5264ac242697fbb1cfffa79d0153cbc4c088538bd99d60cfa374e8a8b83e2bb5",
                "sha256:570c81f991033e624874475ade96b601f1db2c51b3e69c324072adcfb23ef5aa",
                "sha256:5b21b1672814ecce88f1da76635f0483d2d877d4cb8998db3692792f46279bf1",
                "sha256:5b34f4678d386c64d3be402fdf67f75e8f1869627ea2ec4decd43e828d3b6fba",
                "sha256:5c52805c7ccb533fe42d3d36c91d237c97c3b6551cd6b32f98b79eeb30d0f139",
                "sha256:61b7f3c81e5e9015e73e5f423706b2f5e85a07ce79dea35645fad93505ff06cf",
                "sha256:636a48e2d01fe8d7955e9523efd2f8efce55a0221f3b5d5b4bdf37c7ff056bf1",
                "sha256:645827af834a64145ba4b06f703342b2dbe1d40d1a48fb04e82373bd95cf68e2",
                "sha256:647553c44cf6b5ce2d9b56e743cc1eab886940d776b36438183e807bb5a7a42b",
                "sha256:6655d04942f7c02087a6bba4bdc8d88961aa8ddf3fb9a05b3bad06d2d1ca321b",
                "sha256:68362d87372a90b9717536238c81d74d7feb4a14392ac239ceb61c1c199a9bac",
                "sha256:6d86c1e2006fe82a8679ed851c2462a6019b57255b3902d16ac35df4a37f6cdd",
                "sha256:73b6ffc8ffe6546462ccc7e34ca3acd9eb3984e1232645f498544a7eab6b8aca",
                "sha256:7699d61c712bc77907c48fe63a21fffa03c4dd70401e1d14e368af031fde7c21",
                "sha256:76e4e42f2ecf1aca0a710adaa23000a192efb81a2aee3bcc16761f1777f08a74",
                "sha256:77192bc1a9897ecd91cf977a5d5f990373e35a8d028c9141c8c3d3680a4a4cd7",
                "sha256:7ab6f36c772109c974890eafff2a841ddbf38ea1293b01a778b28f26089a890d",
                "sha256:7dda9be2caf067ac21c4aa63497833e0984908b66849c07aaa42b1cfa93f5e1c",
                "sha256:7ddbf6a3d3def7ae46638ebf87d7746ccebf22f885a87884ac24d97943af3f30",
                "sha256:8695857e0b0b5289fabb6c200b95e2b18d8575551ddd9d50746b3d78b6fb5aa8",
                "sha256:86b29e349064821ceeb14d60d01a11a0788f94e73ed4b3a5c3f9fac7aa4e2cd7",
                "sha256:88754dd516f0e2f4dd242880b8e760dc854e917315a17fe3fc626475bea9b252",
                "sha256:8b40d46d2aa566f8e3def953279cce0191e47364b453cda492db12a84dd97f78",
                "sha256:8bb0b6aaaa5f37091e05d756a3337faf0ddcffe8a68dbe8a710731b0d555ec8f",
                "sha256:91ab85752a08dc875a05742cfda0234d7a70fadda07dd0b0582cfe991911f332",
                "sha256:92fd6e784ade210c3522bc627b3938821d12fac52acefe4d6630460e243e28de",
                "sha256:967f5f0f22bf5dba4e4d7abe9594b28f5da95606225a50555926ff6e975d84dd",
                "sha256:9cadef44f5ad4c5b4d06ba3c28464d70241a40539c0343b1821ba43102b6a9fc",
                "sha256:9e20ebea6ec77232cd12e4084c8be6d03534dc5f3d027d365b32766beafce6c3",
                "sha256:a01e89e99ba066dfa2df40fe99a2371565f4a3adc6811a73c8019d9929a312e8",
                "sha256:a04376601c8f9714fb3a6a0a1699b85aab665d9d952a2a31fb37cf70e1be1fba",
                "sha256:a094ca72440364bc1d0a793555875e515b0d7cc0eef171f4cd49c7e4855ba06e",
                "sha256:a120fc0514c9ed9a4051d040ddd36176241d4f54c4a37d8e4f3d29ac9bdb4c3a",
                "sha256:a2742eea6e336961167c5b6a2393fa04d54bdb10980f0d60ea36ed0a824e9a20",
                "sha256:a2923b8cd2fcbd22e0842decb66bf925a9e95bda165490d037c355e5df8fef68",
                "sha256:a71ab695a16c6d5aeae1f02fcc37fbd1ae876e8fb339337aca187012a3d6c0a2",
                "sha256:ac5a8a3ef660e6869a7761cd0664223eb546b2d17e9121c8ab0ad46353635611",
                "sha256:acef0e2c4d9f38428721a0ec878dee3fb73a35e640593d99c9803457dbb65214",
                "sha256:adf484b06063134ae604d4fc826d942af7e751c9d0b2fcab5bf1058a8ebe242b",
                "sha256:afa36aa006d7692718fce427ecb276211918447f806f80c19096a627f5122e3d",
                "sha256:b07fe3e48c881a75a11f722e1d5b052173b5e7c78b22518f659b8c9b4ac4c937",
                "sha256:b8dee2e4a402dac2df110e7b02fae49507a63b44b6fd91350cf069f31545a925",
                "sha256:ba19308b8e19cdaadfbf47142f52b705d2cbfb8edd84a8271573e50fa7fa022d",
                "sha256:bcedda2ef2560e6e62cac03734ab1ad28616206b4d4f2d138440b4f43e18c395",
                "sha256:bf1321a40da930edeff418d561dfb03e6d59d5b8ab5cbab1c4b03ff0aa4c6d21",
                "sha256:c6afff7e9da53afb8d11eae27a20ee5709e2943b39af6c949b38424d0f271569",
                "sha256:cddd12ee5a2ef4100478db7f5563a9cdb8bc0a067fbd8ccd1ecdc446d2e6a41a",
                "sha256:ce11be5722c9d433c5e1eb3980f16eb7d80828b9614f089e28f4f1724fc8973f",
                "sha256:ce208a3e4043b8ce89e5d90047da16882456ea395577b1ee07e8215dce7d7c91",
                "sha256:d46fd5a9e8eb5d56eccc6191a55e3e1e2b3ab24b19ab87563a2299a39c855fd7",
                "sha256:d61a21e4153589bd53ffe71b553f93f2afbc8fb7baf63c91a83c933347473083",
                "sha256:d84581c869d279fab437182d5db2b590d44975084e8d50b164947f7aaa2c5f25",
                "sha256:de3e4be5aa71b73c2640c9b86e435ec033592f7f79787937f8342259106a63ae",
                "sha256:def47645b1b970fd97f063da852b0ddc4f5bdee9af8d5b718d9682c7b828d89d",
                "sha256:e0744e391ea8baf0ddea5a180b0aa71a6a302490c14d7a37add730bf0172c7c6",
                "sha256:e193918c81139361f3f45db19696d31847601f2c0e79a38618f34d7bff6ee704",
                "sha256:e1c03360c1760f8608dc5ce1ddd7e5491180765360cae8104b428d5f86fbe1b9",
                "sha256:e2d216ed4aca2090eabdd354204ae55ed3e13333d1a5b271981543696e634672",
                "sha256:e3012564760394dff89e7a10c5a244f8885cd155aec07bdbe2d6dc46be398614",
                "sha256:e821dd487384ae8004e977c3b13135ad6665ccf8c9874e68441cad1146e66d8a",
                "sha256:eafdc9d1721afcb4be9d20b980b61d404a592c19067197976a4077f52727bd1a",
                "sha256:f25db473667774725e4f34e738d644ffb205bf0bdc0e8146870a1104c5f42e4a",
                "sha256:fb73ee9616e3efd2cf3857b019c66f9bf287bb47139ea48425850da2ae508670",
                "sha256:ff7b95bd299c9360e7cb8d226002d58e2917f594ea5af0373efc713f896622b9"
            ],
            "markers": "python_version >= '3.8'",
            "version": "==2.10.0"
        },
        "fastparquet": {
            "hashes": [
                "sha256:053695c2f730b78a2d3925df7cd5c6444d6c1560076af907993361cc7accf3e2",
                "sha256:0a52eecc6270ae15f0d51347c3f762703dd667ca486f127dc0a21e7e59856ae5",
                "sha256:0b74333914f454344458dab9d1432fda9b70d62e28dc7acb1512d937ef1424ee",
                "sha256:0e2d7f02f57231e6c86d26e9ea71953737202f20e948790e5d4db6d6a1a150dc",
                "sha256:1ae953c0e3832ae3936b6d92fde493ac7d8b775d7d59d02f7f46f67e1c21ed24",
                "sha256:29d5c718817bcd765fc519b17f759cad4945974421ecc1931d3bdc3e05e57fa9",
                "sha256:36b5c9bd2ffaaa26ff45d59a6cefe58503dd748e0c7fad80dd905749da0f2b9e",
                "sha256:374cdfa745aa7d5188430528d5841cf823eb9ad16df72ad6dadd898ccccce3be",
                "sha256:403d31109d398b6be7ce84fa3483fc277c6a23f0b321348c0a505eb098a041cb",
                "sha256:41d1610130b5cb1ce36467766191c5418cba8631e2bfe3affffaf13f9be4e7a8",
                "sha256:46b2db02fc2a1507939d35441c8ab211d53afd75d82eec9767d1c3656402859b",
                "sha256:4abd3426607335e5ad09be29ef4eeccdf097710e44420deac16893cee64ea0d8",
                "sha256:4c8401bfd86cccaf0ab7c0ade58c91ae19317ff6092e1d4ad96c2178197d8124",
                "sha256:561202e8f0e859ccc1aa77c4aaad1d7901b2d50fd6f624ca018bae4c3c7a62ce",
                "sha256:5914ecfa766b7763201b9f49d832a5e89c2dccad470ca4f9c9b228d9a8349756",
                "sha256:59e5c5b51083d5b82572cdb7aed0346e3181e3ac9d2e45759da2e804bdafa7ee",
                "sha256:60ccf587410f0979105e17036df61bb60e1c2b81880dc91895cdb4ee65b71e7f",
                "sha256:63e0e416e25c15daa174aad8ba991c2e9e5b0dc347e5aed5562124261400f87b",
                "sha256:6595d3771b3d587a31137e985f751b4d599d5c8e9af9c4858e373fdf5c3f8720",
                "sha256:6b7df5d3b61a19d76e209fe8d3133759af1c139e04ebc6d43f3cc2d8045ef338",
                "sha256:6b936dcf40ca5fff9e70383d48811b1482b871ff74af857cb4db5f4d072f01ab",
                "sha256:6ec7b398a86432993441d0a08dfae59e29649c803ed64ec4b1d7c3e0855b14cb",
                "sha256:74a0b3c40ab373442c0fda96b75a36e88745d8b138fcc3a6143e04682cbbb8ca",
                "sha256:869e167a4067116b4a27eb7adbe597130b2e2e9cfc0f3e84f60e2e182a933f23",
                "sha256:8b35823ac7a194134e5f82fa4a9659e42e8f9ad1f2d22a55fbb7b9e4053aabbb",
                "sha256:9a9387e77ac608d8978774caaf1e19de67eaa1386806e514dcb19f741b19cfe5",
                "sha256:a3afdef2895c9f459135a00a7ed3ceafebfbce918a9e7b5d550e4fae39c1b64d",
                "sha256:a5ad5fc14b0567e700bea3cd528a0bd45a6f9371370b49de8889fb3d10a6574a",
                "sha256:bdadf7b6bad789125b823bfc5b0a719ba5c4a2ef965f973702d3ea89cff057f6",
                "sha256:cbbb9057a26acf0abad7adf58781ee357258b7708ee44a289e3bee97e2f55d42",
                "sha256:d20632964e65530374ff7cddd42cc06aa0a1388934903693d6d22592a5ba827b",
                "sha256:d24c923a2d9d22a5e7564245f856e6462d524d57982ac8f7479cde991ff73362",
                "sha256:d281edd625c33628ba028d3221180283d6161bc5ceb55eae1f0ca1678f864f26",
                "sha256:dbad4b014782bd38b58b8e9f514fe958cfa7a6c4e187859232d29fd5c5ddd849",
                "sha256:dc475993232c6a64f350aeb928013a807eb93f78675810fd019cbcff39f6baf3",
                "sha256:e29ff7a367fafa57c6896fb6abc84126e2466811aefd3e4ad4070b9e18820e54",
                "sha256:e3b1fc73fd3e1b70b0de254bae7feb890436cb67e99458b88cb9bd3cc44db419",
                "sha256:eb3356862fba2f9b2ea8e679d66901f466c92be8e023439fe854bc392fbf40a6",
                "sha256:f9cca4c6b5969df5561c13786f9d116300db1ec22c7941e237cfca4ce602f59b",
                "sha256:fa56b19a29008c34cfe8831e810f770080debcbffc69aabd1df4d47572181f9c",
                "sha256:fbe4468146b633d8f09d7b196fea0547f213cb5ce5f76e9d1beb29eaa9593a93"
            ],
            "index": "pypi",
            "markers": "python_version >= '3.9'",
            "version": "==2024.11.0"
        },
        "fsspec": {
            "hashes": [
                "sha256:24d3a2e663d5fc735ab256263c4075f374a174c3410c0b25e5bd1970bceaa462",
                "sha256:2e55e47a540b91843b755e83ded97c6e897fa0942b11490113f09e9c443c2475"
            ],
            "markers": "python_version >= '3.9'",
            "version": "==2025.5.1"
        },
        "joblib": {
            "hashes": [
                "sha256:4719a31f054c7d766948dcd83e9613686b27114f190f717cec7eaa2084f8a74a",
                "sha256:f4f86e351f39fe3d0d32a9f2c3d8af1ee4cec285aafcb27003dda5205576b444"
            ],
            "markers": "python_version >= '3.9'",
            "version": "==1.5.1"
        },
        "numpy": {
            "hashes": [
                "sha256:06d4fb37a8d383b769281714897420c5cc3545c79dc427df57fc9b852ee0bf58",
                "sha256:0898c67a58cdaaf29994bc0e2c65230fd4de0ac40afaf1584ed0b02cd74c6fdd",
                "sha256:0eba4a1ea88f9a6f30f56fdafdeb8da3774349eacddab9581a21234b8535d3d3",
                "sha256:2393a914db64b0ead0ab80c962e42d09d5f385802006a6c87835acb1f58adb96",
                "sha256:2e6a1409eee0cb0316cb64640a49a49ca44deb1a537e6b1121dc7c458a1299a8",
                "sha256:33a5a12a45bb82d9997e2c0b12adae97507ad7c347546190a18ff14c28bbca12",
                "sha256:389b85335838155a9076e9ad7f8fdba0827496ec2d2dc32ce69ce7898bde03ba",
                "sha256:39b27d8b38942a647f048b675f134dd5a567f95bfff481f9109ec308515c51d8",
                "sha256:43c55b6a860b0eb44d42341438b03513cf3879cb3617afb749ad49307e164edd",
                "sha256:46d16f72c2192da7b83984aa5455baee640e33a9f1e61e656f29adf55e406c2b",
                "sha256:48a2e8eaf76364c32a1feaa60d6925eaf32ed7a040183b807e02674305beef61",
                "sha256:4d8d294287fdf685281e671886c6dcdf0291a7c19db3e5cb4178d07ccf6ecc67",
                "sha256:4dc58865623023b63b10d52f18abaac3729346a7a46a778381e0e3af4b7f3beb",
                "sha256:50080245365d75137a2bf46151e975de63146ae6d79f7e6bd5c0e85c9931d06a",
                "sha256:54dfc8681c1906d239e95ab1508d0a533c4a9505e52ee2d71a5472b04437ef97",
                "sha256:5754ab5595bfa2c2387d241296e0381c21f44a4b90a776c3c1d39eede13a746a",
                "sha256:5814a0f43e70c061f47abd5857d120179609ddc32a613138cbb6c4e9e2dbdda5",
                "sha256:581f87f9e9e9db2cba2141400e160e9dd644ee248788d6f90636eeb8fd9260a6",
                "sha256:622a65d40d8eb427d8e722fd410ac3ad4958002f109230bc714fa551044ebae2",
                "sha256:6295f81f093b7f5769d1728a6bd8bf7466de2adfa771ede944ce6711382b89dc",
                "sha256:690d0a5b60a47e1f9dcec7b77750a4854c0d690e9058b7bef3106e3ae9117808",
                "sha256:7729c8008d55e80784bd113787ce876ca117185c579c0d626f59b87d433ea779",
                "sha256:80b46117c7359de8167cc00a2c7d823bdd505e8c7727ae0871025a86d668283b",
                "sha256:81ae0bf2564cf475f94be4a27ef7bcf8af0c3e28da46770fc904da9abd5279b5",
                "sha256:87717eb24d4a8a64683b7a4e91ace04e2f5c7c77872f823f02a94feee186168f",
                "sha256:8b51ead2b258284458e570942137155978583e407babc22e3d0ed7af33ce06f8",
                "sha256:9498f60cd6bb8238d8eaf468a3d5bb031d34cd12556af53510f05fcf581c1b7e",
                "sha256:99224862d1412d2562248d4710126355d3a8db7672170a39d6909ac47687a8a4",
                "sha256:a0be278be9307c4ab06b788f2a077f05e180aea817b3e41cebbd5aaf7bd85ed3",
                "sha256:aaf81c7b82c73bd9b45e79cfb9476cb9c29e937494bfe9092c26aece812818ad",
                "sha256:aba48d17e87688a765ab1cd557882052f238e2f36545dfa8e29e6a91aef77afe",
                "sha256:b0f1f11d0a1da54927436505a5a7670b154eac27f5672afc389661013dfe3d4f",
                "sha256:b9446d9d8505aadadb686d51d838f2b6688c9e85636a0c3abaeb55ed54756459",
                "sha256:ba17f93a94e503551f154de210e4d50c5e3ee20f7e7a1b5f6ce3f22d419b93bb",
                "sha256:bd8df082b6c4695753ad6193018c05aac465d634834dca47a3ae06d4bb22d9ea",
                "sha256:c24bb4113c66936eeaa0dc1e47c74770453d34f46ee07ae4efd853a2ed1ad10a",
                "sha256:c39ec392b5db5088259c68250e342612db82dc80ce044cf16496cf14cf6bc6f8",
                "sha256:c3c9fdde0fa18afa1099d6257eb82890ea4f3102847e692193b54e00312a9ae9",
                "sha256:c8738baa52505fa6e82778580b23f945e3578412554d937093eac9205e845e6e",
                "sha256:d11fa02f77752d8099573d64e5fe33de3229b6632036ec08f7080f46b6649959",
                "sha256:d344ca32ab482bcf8735d8f95091ad081f97120546f3d250240868430ce52555",
                "sha256:d8fa264d56882b59dcb5ea4d6ab6f31d0c58a57b41aec605848b6eb2ef4a43e8",
                "sha256:df470d376f54e052c76517393fa443758fefcdd634645bc9c1f84eafc67087f0",
                "sha256:e017a8a251ff4d18d71f139e28bdc7c31edba7a507f72b1414ed902cbe48c74d",
                "sha256:e43c3cce3b6ae5f94696669ff2a6eafd9a6b9332008bafa4117af70f4b88be6f",
                "sha256:e651756066a0eaf900916497e20e02fe1ae544187cb0fe88de981671ee7f6270",
                "sha256:e6648078bdd974ef5d15cecc31b0c410e2e24178a6e10bf511e0557eed0f2570",
                "sha256:ee9d3ee70d62827bc91f3ea5eee33153212c41f639918550ac0475e3588da59f",
                "sha256:ef6c1e88fd6b81ac6d215ed71dc8cd027e54d4bf1d2682d362449097156267a2",
                "sha256:f14e016d9409680959691c109be98c436c6249eaf7f118b424679793607b5944",
                "sha256:f420033a20b4f6a2a11f585f93c843ac40686a7c3fa514060a97d9de93e5e72b"
            ],
            "index": "pypi",
            "markers": "python_version >= '3.11'",
            "version": "==2.3.0"
        },
        "packaging": {
            "hashes": [
                "sha256:29572ef2b1f17581046b3a2227d5c611fb25ec70ca1ba8554b24b0e69331a484",
                "sha256:d443872c98d677bf60f6a1f2f8c1cb748e8fe762d2bf9d3148b5599295b0fc4f"
            ],
            "markers": "python_version >= '3.8'",
            "version": "==25.0"
        },
        "pandas": {
            "hashes": [
                "sha256:034abd6f3db8b9880aaee98f4f5d4dbec7c4829938463ec046517220b2f8574e",
                "sha256:094e271a15b579650ebf4c5155c05dcd2a14fd4fdd72cf4854b2f7ad31ea30be",
                "sha256:14a0cc77b0f089d2d2ffe3007db58f170dae9b9f54e569b299db871a3ab5bf46",
                "sha256:1a881bc1309f3fce34696d07b00f13335c41f5f5a8770a33b09ebe23261cfc67",
                "sha256:1d2b33e68d0ce64e26a4acc2e72d747292084f4e8db4c847c6f5f6cbe56ed6d8",
                "sha256:213cd63c43263dbb522c1f8a7c9d072e25900f6975596f883f4bebd77295d4f3",
                "sha256:23c2b2dc5213810208ca0b80b8666670eb4660bbfd9d45f58592cc4ddcfd62e1",
                "sha256:2c7e2fc25f89a49a11599ec1e76821322439d90820108309bf42130d2f36c983",
                "sha256:2eb4728a18dcd2908c7fccf74a982e241b467d178724545a48d0caf534b38ebf",
                "sha256:34600ab34ebf1131a7613a260a61dbe8b62c188ec0ea4c296da7c9a06b004133",
                "sha256:39ff73ec07be5e90330cc6ff5705c651ace83374189dcdcb46e6ff54b4a72cd6",
                "sha256:404d681c698e3c8a40a61d0cd9412cc7364ab9a9cc6e144ae2992e11a2e77a20",
                "sha256:40cecc4ea5abd2921682b57532baea5588cc5f80f0231c624056b146887274d2",
                "sha256:430a63bae10b5086995db1b02694996336e5a8ac9a96b4200572b413dfdfccb9",
                "sha256:4930255e28ff5545e2ca404637bcc56f031893142773b3468dc021c6c32a1390",
                "sha256:6021910b086b3ca756755e86ddc64e0ddafd5e58e076c72cb1585162e5ad259b",
                "sha256:625466edd01d43b75b1883a64d859168e4556261a5035b32f9d743b67ef44634",
                "sha256:75651c14fde635e680496148a8526b328e09fe0572d9ae9b638648c46a544ba3",
                "sha256:84141f722d45d0c2a89544dd29d35b3abfc13d2250ed7e68394eda7564bd6324",
                "sha256:8adff9f138fc614347ff33812046787f7d43b3cef7c0f0171b3340cae333f6ca",
                "sha256:951805d146922aed8357e4cc5671b8b0b9be1027f0619cea132a9f3f65f2f09c",
                "sha256:9efc0acbbffb5236fbdf0409c04edce96bec4bdaa649d49985427bd1ec73e085",
                "sha256:9ff730713d4c4f2f1c860e36c005c7cefc1c7c80c21c0688fd605aa43c9fcf09",
                "sha256:a6872d695c896f00df46b71648eea332279ef4077a409e2fe94220208b6bb675",
                "sha256:b198687ca9c8529662213538a9bb1e60fa0bf0f6af89292eb68fea28743fcd5a",
                "sha256:b9d8c3187be7479ea5c3d30c32a5d73d62a621166675063b2edd21bc47614027",
                "sha256:ba24af48643b12ffe49b27065d3babd52702d95ab70f50e1b34f71ca703e2c0d",
                "sha256:bb32dc743b52467d488e7a7c8039b821da2826a9ba4f85b89ea95274f863280f",
                "sha256:bb3be958022198531eb7ec2008cfc78c5b1eed51af8600c6c5d9160d89d8d249",
                "sha256:bf5be867a0541a9fb47a4be0c5790a4bccd5b77b92f0a59eeec9375fafc2aa14",
                "sha256:c06f6f144ad0a1bf84699aeea7eff6068ca5c63ceb404798198af7eb86082e33",
                "sha256:c6da97aeb6a6d233fb6b17986234cc723b396b50a3c6804776351994f2a658fd",
                "sha256:e0f51973ba93a9f97185049326d75b942b9aeb472bec616a129806facb129ebb",
                "sha256:e1991bbb96f4050b09b5f811253c4f3cf05ee89a589379aa36cd623f21a31d6f",
                "sha256:e5f08eb9a445d07720776df6e641975665c9ea12c9d8a331e0f6890f2dcd76ef",
                "sha256:e78ad363ddb873a631e92a3c063ade1ecfb34cae71e9a2be6ad100f875ac1042",
                "sha256:ed16339bc354a73e0a609df36d256672c7d296f3f767ac07257801aa064ff73c",
                "sha256:f4dd97c19bd06bc557ad787a15b6489d2614ddaab5d104a0310eb314c724b2d2",
                "sha256:f925f1ef673b4bd0271b1809b72b3270384f2b7d9d14a189b12b7fc02574d575",
                "sha256:f95a2aef32614ed86216d3c450ab12a4e82084e8102e355707a1d96e33d51c34",
                "sha256:fa07e138b3f6c04addfeaf56cc7fdb96c3b68a3fe5e5401251f231fce40a0d7a",
                "sha256:fa35c266c8cd1a67d75971a1912b185b492d257092bdd2709bbdebe574ed228d"
            ],
            "index": "pypi",
            "markers": "python_version >= '3.9'",
            "version": "==2.3.0"
        },
        "pyarrow": {
            "hashes": [
                "sha256:00138f79ee1b5aca81e2bdedb91e3739b987245e11fa3c826f9e57c5d102fb75",
                "sha256:11529a2283cb1f6271d7c23e4a8f9f8b7fd173f7360776b668e509d712a02eec",
                "sha256:15aa1b3b2587e74328a730457068dc6c89e6dcbf438d4369f572af9d320a25ee",
                "sha256:1bcbe471ef3349be7714261dea28fe280db574f9d0f77eeccc195a2d161fd861",
                "sha256:204a846dca751428991346976b914d6d2a82ae5b8316a6ed99789ebf976551e6",
                "sha256:211d5e84cecc640c7a3ab900f930aaff5cd2702177e0d562d426fb7c4f737781",
                "sha256:24ca380585444cb2a31324c546a9a56abbe87e26069189e14bdba19c86c049f0",
                "sha256:2c3a01f313ffe27ac4126f4c2e5ea0f36a5fc6ab51f8726cf41fee4b256680bd",
                "sha256:30b3051b7975801c1e1d387e17c588d8ab05ced9b1e14eec57915f79869b5031",
                "sha256:3346babb516f4b6fd790da99b98bed9708e3f02e734c84971faccb20736848dc",
                "sha256:3e1f8a47f4b4ae4c69c4d702cfbdfe4d41e18e5c7ef6f1bb1c50918c1e81c57b",
                "sha256:4250e28a22302ce8692d3a0e8ec9d9dde54ec00d237cff4dfa9c1fbf79e472a8",
                "sha256:4680f01ecd86e0dd63e39eb5cd59ef9ff24a9d166db328679e36c108dc993d4c",
                "sha256:4a8b029a07956b8d7bd742ffca25374dd3f634b35e46cc7a7c3fa4c75b297191",
                "sha256:4ba3cf4182828be7a896cbd232aa8dd6a31bd1f9e32776cc3796c012855e1199",
                "sha256:5605919fbe67a7948c1f03b9f3727d82846c053cd2ce9303ace791855923fd20",
                "sha256:5f0fb1041267e9968c6d0d2ce3ff92e3928b243e2b6d11eeb84d9ac547308232",
                "sha256:6102b4864d77102dbbb72965618e204e550135a940c2534711d5ffa787df2a5a",
                "sha256:6415a0d0174487456ddc9beaead703d0ded5966129fa4fd3114d76b5d1c5ceae",
                "sha256:6bb830757103a6cb300a04610e08d9636f0cd223d32f388418ea893a3e655f1c",
                "sha256:6fc1499ed3b4b57ee4e090e1cea6eb3584793fe3d1b4297bbf53f09b434991a5",
                "sha256:75a51a5b0eef32727a247707d4755322cb970be7e935172b6a3a9f9ae98404ba",
                "sha256:7a3a5dcf54286e6141d5114522cf31dd67a9e7c9133d150799f30ee302a7a1ab",
                "sha256:7f4c8534e2ff059765647aa69b75d6543f9fef59e2cd4c6d18015192565d2b70",
                "sha256:82f1ee5133bd8f49d31be1299dc07f585136679666b502540db854968576faf9",
                "sha256:851c6a8260ad387caf82d2bbf54759130534723e37083111d4ed481cb253cc0d",
                "sha256:89e030dc58fc760e4010148e6ff164d2f44441490280ef1e97a542375e41058e",
                "sha256:95b330059ddfdc591a3225f2d272123be26c8fa76e8c9ee1a77aad507361cfdb",
                "sha256:96d6a0a37d9c98be08f5ed6a10831d88d52cac7b13f5287f1e0f625a0de8062b",
                "sha256:96e37f0766ecb4514a899d9a3554fadda770fb57ddf42b63d80f14bc20aa7db3",
                "sha256:97c8dc984ed09cb07d618d57d8d4b67a5100a30c3818c2fb0b04599f0da2de7b",
                "sha256:991f85b48a8a5e839b2128590ce07611fae48a904cae6cab1f089c5955b57eb5",
                "sha256:9965a050048ab02409fb7cbbefeedba04d3d67f2cc899eff505cc084345959ca",
                "sha256:9b71daf534f4745818f96c214dbc1e6124d7daf059167330b610fc69b6f3d3e3",
                "sha256:a15532e77b94c61efadde86d10957950392999503b3616b2ffcef7621a002893",
                "sha256:a18a14baef7d7ae49247e75641fd8bcbb39f44ed49a9fc4ec2f65d5031aa3b96",
                "sha256:a1f60dc14658efaa927f8214734f6a01a806d7690be4b3232ba526836d216122",
                "sha256:a2791f69ad72addd33510fec7bb14ee06c2a448e06b649e264c094c5b5f7ce28",
                "sha256:a5704f29a74b81673d266e5ec1fe376f060627c2e42c5c7651288ed4b0db29e9",
                "sha256:a6ad3e7758ecf559900261a4df985662df54fb7fdb55e8e3b3aa99b23d526b62",
                "sha256:aa0d288143a8585806e3cc7c39566407aab646fb9ece164609dac1cfff45f6ae",
                "sha256:b6953f0114f8d6f3d905d98e987d0924dabce59c3cda380bdfaa25a6201563b4",
                "sha256:b8ff87cc837601532cc8242d2f7e09b4e02404de1b797aee747dd4ba4bd6313f",
                "sha256:c7dd06fd7d7b410ca5dc839cc9d485d2bc4ae5240851bcd45d85105cc90a47d7",
                "sha256:ca151afa4f9b7bc45bcc791eb9a89e90a9eb2772767d0b1e5389609c7d03db63",
                "sha256:cb497649e505dc36542d0e68eca1a3c94ecbe9799cb67b578b55f2441a247fbc",
                "sha256:d5382de8dc34c943249b01c19110783d0d64b207167c728461add1ecc2db88e4",
                "sha256:db53390eaf8a4dab4dbd6d93c85c5cf002db24902dbff0ca7d988beb5c9dd15b",
                "sha256:dd43f58037443af715f34f1322c782ec463a3c8a94a85fdb2d987ceb5658e061",
                "sha256:e22f80b97a271f0a7d9cd07394a7d348f80d3ac63ed7cc38b6d1b696ab3b2619",
                "sha256:e724a3fd23ae5b9c010e7be857f4405ed5e679db5c93e66204db1a69f733936a",
                "sha256:e8b88758f9303fa5a83d6c90e176714b2fd3852e776fc2d7e42a22dd6c2fb368",
                "sha256:f2d67ac28f57a362f1a2c1e6fa98bfe2f03230f7e15927aecd067433b1e70ce8",
                "sha256:f3b117b922af5e4c6b9a9115825726cac7d8b1421c37c2b5e24fbacc8930612c",
                "sha256:febc4a913592573c8d5805091a6c2b5064c8bd6e002131f01061797d91c783c1"
            ],
            "index": "pypi",
            "markers": "python_version >= '3.9'",
            "version": "==20.0.0"
        },
        "python-dateutil": {
            "hashes": [
                "sha256:37dd54208da7e1cd875388217d5e00ebd4179249f90fb72437e91a35459a0ad3",
                "sha256:a8b2bc7bffae282281c8140a97d3aa9c14da0b136dfe83f850eea9a5f7470427"
            ],
            "markers": "python_version >= '2.7' and python_version not in '3.0, 3.1, 3.2'",
            "version": "==2.9.0.post0"
        },
        "pytz": {
            "hashes": [
                "sha256:360b9e3dbb49a209c21ad61809c7fb453643e048b38924c765813546746e81c3",
                "sha256:5ddf76296dd8c44c26eb8f4b6f35488f3ccbf6fbbd7adee0b7262d43f0ec2f00"
            ],
            "version": "==2025.2"
        },
        "scikit-learn": {
            "hashes": [
                "sha256:057b991ac64b3e75c9c04b5f9395eaf19a6179244c089afdebaad98264bff37c",
                "sha256:118a8d229a41158c9f90093e46b3737120a165181a1b58c03461447aa4657415",
                "sha256:12e40ac48555e6b551f0a0a5743cc94cc5a765c9513fe708e01f0aa001da2801",
                "sha256:174beb56e3e881c90424e21f576fa69c4ffcf5174632a79ab4461c4c960315ac",
                "sha256:1b94d6440603752b27842eda97f6395f570941857456c606eb1d638efdb38184",
                "sha256:1f77547165c00625551e5c250cefa3f03f2fc92c5e18668abd90bfc4be2e0bff",
                "sha256:261fe334ca48f09ed64b8fae13f9b46cc43ac5f580c4a605cbb0a517456c8f71",
                "sha256:2a65af2d8a6cce4e163a7951a4cfbfa7fceb2d5c013a4b593686c7f16445cf9d",
                "sha256:2c75ea812cd83b1385bbfa94ae971f0d80adb338a9523f6bbcb5e0b0381151d4",
                "sha256:40fb7d4a9a2db07e6e0cae4dc7bdbb8fada17043bac24104d8165e10e4cff1a2",
                "sha256:460806030c666addee1f074788b3978329a5bfdc9b7d63e7aad3f6d45c67a210",
                "sha256:47132440050b1c5beb95f8ba0b2402bbd9057ce96ec0ba86f2f445dd4f34df67",
                "sha256:4c0c56c3005f2ec1db3787aeaabefa96256580678cec783986836fc64f8ff622",
                "sha256:789e3db01c750ed6d496fa2db7d50637857b451e57bcae863bff707c1247bef7",
                "sha256:855fc5fa8ed9e4f08291203af3d3e5fbdc4737bd617a371559aaa2088166046e",
                "sha256:a03b09f9f7f09ffe8c5efffe2e9de1196c696d811be6798ad5eddf323c6f4d40",
                "sha256:a3a10e1d9e834e84d05e468ec501a356226338778769317ee0b84043c0d8fb06",
                "sha256:a90c5da84829a0b9b4bf00daf62754b2be741e66b5946911f5bdfaa869fcedd6",
                "sha256:d82c2e573f0f2f2f0be897e7a31fcf4e73869247738ab8c3ce7245549af58ab8",
                "sha256:df8ccabbf583315f13160a4bb06037bde99ea7d8211a69787a6b7c5d4ebb6fc3",
                "sha256:f405c4dae288f5f6553b10c4ac9ea7754d5180ec11e296464adb5d6ac68b6ef5"
            ],
            "index": "pypi",
            "markers": "python_version >= '3.9'",
            "version": "==1.5.0"
        },
        "scipy": {
            "hashes": [
                "sha256:05dc6abcd105e1a29f95eada46d4a3f251743cfd7d3ae8ddb4088047f24ea477",
                "sha256:06efcba926324df1696931a57a176c80848ccd67ce6ad020c810736bfd58eb1c",
                "sha256:0a769105537aa07a69468a0eefcd121be52006db61cdd8cac8a0e68980bbb723",
                "sha256:0bdd905264c0c9cfa74a4772cdb2070171790381a5c4d312c973382fc6eaf730",
                "sha256:0ff17c0bb1cb32952c09217d8d1eed9b53d1463e5f1dd6052c7857f83127d539",
                "sha256:14ed70039d182f411ffc74789a16df3835e05dc469b898233a245cdfd7f162cb",
                "sha256:185cd3d6d05ca4b44a8f1595af87f9c372bb6acf9c808e99aa3e9aa03bd98cf6",
                "sha256:18aaacb735ab38b38db42cb01f6b92a2d0d4b6aabefeb07f02849e47f8fb3594",
                "sha256:1c832e1bd78dea67d5c16f786681b28dd695a8cb1fb90af2e27580d3d0967e92",
                "sha256:263961f658ce2165bbd7b99fa5135195c3a12d9bef045345016b8b50c315cb82",
                "sha256:271e3713e645149ea5ea3e97b57fdab61ce61333f97cfae392c28ba786f9bb49",
                "sha256:2c620736bcc334782e24d173c0fdbb7590a0a436d2fdf39310a8902505008759",
                "sha256:34716e281f181a02341ddeaad584205bd2fd3c242063bd3423d61ac259ca7eba",
                "sha256:39cb9c62e471b1bb3750066ecc3a3f3052b37751c7c3dfd0fd7e48900ed52982",
                "sha256:3ac07623267feb3ae308487c260ac684b32ea35fd81e12845039952f558047b8",
                "sha256:3b0334816afb8b91dab859281b1b9786934392aa3d527cd847e41bb6f45bee65",
                "sha256:40e54d5c7e7ebf1aa596c374c49fa3135f04648a0caabcb66c52884b943f02b4",
                "sha256:50f9e62461c95d933d5c5ef4a1f2ebf9a2b4e83b0db374cb3f1de104d935922e",
                "sha256:52092bc0472cfd17df49ff17e70624345efece4e1a12b23783a1ac59a1b728ed",
                "sha256:5380741e53df2c566f4d234b100a484b420af85deb39ea35a1cc1be84ff53a5c",
                "sha256:5e721fed53187e71d0ccf382b6bf977644c533e506c4d33c3fb24de89f5c3ed5",
                "sha256:6487aa99c2a3d509a5227d9a5e889ff05830a06b2ce08ec30df6d79db5fcd5c5",
                "sha256:6ac6310fdbfb7aa6612408bd2f07295bcbd3fda00d2d702178434751fe48e019",
                "sha256:6cfd56fc1a8e53f6e89ba3a7a7251f7396412d655bca2aa5611c8ec9a6784a1e",
                "sha256:6db907c7368e3092e24919b5e31c76998b0ce1684d51a90943cb0ed1b4ffd6c1",
                "sha256:721d6b4ef5dc82ca8968c25b111e307083d7ca9091bc38163fb89243e85e3889",
                "sha256:76ad1fb5f8752eabf0fa02e4cc0336b4e8f021e2d5f061ed37d6d264db35e3ca",
                "sha256:79167bba085c31f38603e11a267d862957cbb3ce018d8b38f79ac043bc92d825",
                "sha256:795c46999bae845966368a3c013e0e00947932d68e235702b5c3f6ea799aa8c9",
                "sha256:7e11270a000969409d37ed399585ee530b9ef6aa99d50c019de4cb01e8e54e62",
                "sha256:8c9ed3ba2c8a2ce098163a9bdb26f891746d02136995df25227a20e71c396ebb",
                "sha256:993439ce220d25e3696d1b23b233dd010169b62f6456488567e830654ee37a6b",
                "sha256:9d61e97b186a57350f6d6fd72640f9e99d5a4a2b8fbf4b9ee9a841eab327dc13",
                "sha256:9db984639887e3dffb3928d118145ffe40eff2fa40cb241a306ec57c219ebbbb",
                "sha256:9e2abc762b0811e09a0d3258abee2d98e0c703eee49464ce0069590846f31d40",
                "sha256:a345928c86d535060c9c2b25e71e87c39ab2f22fc96e9636bd74d1dbf9de448c",
                "sha256:ad3432cb0f9ed87477a8d97f03b763fd1d57709f1bbde3c9369b1dff5503b253",
                "sha256:ae48a786a28412d744c62fd7816a4118ef97e5be0bee968ce8f0a2fba7acf3bb",
                "sha256:aef683a9ae6eb00728a542b796f52a5477b78252edede72b8327a886ab63293f",
                "sha256:b90ab29d0c37ec9bf55424c064312930ca5f4bde15ee8619ee44e69319aab163",
                "sha256:c05045d8b9bfd807ee1b9f38761993297b10b245f012b11b13b91ba8945f7e45",
                "sha256:c9deabd6d547aee2c9a81dee6cc96c6d7e9a9b1953f74850c179f91fdc729cb7",
                "sha256:dde4fc32993071ac0c7dd2d82569e544f0bdaff66269cb475e0f369adad13f11",
                "sha256:eae3cf522bc7df64b42cad3925c876e1b0b6c35c1337c93e12c0f366f55b0eaf",
                "sha256:ed7284b21a7a0c8f1b6e5977ac05396c0d008b89e05498c8b7e8f4a1423bba0e",
                "sha256:f77f853d584e72e874d87357ad70f44b437331507d1c311457bed8ed2b956126"
            ],
            "markers": "python_version >= '3.10'",
            "version": "==1.15.3"
        },
        "six": {
            "hashes": [
                "sha256:4721f391ed90541fddacab5acf947aa0d3dc7d27b2e1e8eda2be8970586c3274",
                "sha256:ff70335d468e7eb6ec65b95b99d3a2836546063f63acc5171de367e834932a81"
            ],
            "markers": "python_version >= '2.7' and python_version not in '3.0, 3.1, 3.2'",
            "version": "==1.17.0"
        },
        "threadpoolctl": {
            "hashes": [
                "sha256:43a0b8fd5a2928500110039e43a5eed8480b918967083ea48dc3ab9f13c4a7fb",
                "sha256:8ab8b4aa3491d812b623328249fab5302a68d2d71745c8a4c719a2fcaba9f44e"
            ],
            "markers": "python_version >= '3.9'",
            "version": "==3.6.0"
        },
        "tzdata": {
            "hashes": [
                "sha256:1a403fada01ff9221ca8044d701868fa132215d84beb92242d9acd2147f667a8",
                "sha256:b60a638fcc0daffadf82fe0f57e53d06bdec2f36c4df66280ae79bce6bd6f2b9"
            ],
            "markers": "python_version >= '2'",
            "version": "==2025.2"
        }
    },
    "develop": {}
}
